// !$*UTF8*$!
{
	archiveVersion = 1;
	classes = {
	};
	objectVersion = 50;
	objects = {

/* Begin PBXBuildFile section */
		0E0382F520A8E73900DE62B6 /* AppDelegate.swift in Sources */ = {isa = PBXBuildFile; fileRef = 0E0382F420A8E73900DE62B6 /* AppDelegate.swift */; };
		0E0382F720A8E73900DE62B6 /* MainViewController.swift in Sources */ = {isa = PBXBuildFile; fileRef = 0E0382F620A8E73900DE62B6 /* MainViewController.swift */; };
		0E0382FA20A8E73900DE62B6 /* Main.storyboard in Resources */ = {isa = PBXBuildFile; fileRef = 0E0382F820A8E73900DE62B6 /* Main.storyboard */; };
		0E0382FC20A8E73C00DE62B6 /* Assets.xcassets in Resources */ = {isa = PBXBuildFile; fileRef = 0E0382FB20A8E73C00DE62B6 /* Assets.xcassets */; };
		0E0382FF20A8E73C00DE62B6 /* LaunchScreen.storyboard in Resources */ = {isa = PBXBuildFile; fileRef = 0E0382FD20A8E73C00DE62B6 /* LaunchScreen.storyboard */; };
		0E03830A20A8E73D00DE62B6 /* Design_PatternsTests.swift in Sources */ = {isa = PBXBuildFile; fileRef = 0E03830920A8E73D00DE62B6 /* Design_PatternsTests.swift */; };
		0E85FECE20EFE10E002816F1 /* XMLParser.swift in Sources */ = {isa = PBXBuildFile; fileRef = 0E85FECD20EFE10E002816F1 /* XMLParser.swift */; };
		0EB26D2220EEAF97003AD1DE /* CoreDataStorage.swift in Sources */ = {isa = PBXBuildFile; fileRef = 0EB26D2120EEAF97003AD1DE /* CoreDataStorage.swift */; };
		0EB26D2720EEB02B003AD1DE /* StrategyPatternHandler.swift in Sources */ = {isa = PBXBuildFile; fileRef = 0EB26D2620EEB02B003AD1DE /* StrategyPatternHandler.swift */; };
		0EB26D2920EEB301003AD1DE /* TestObject.swift in Sources */ = {isa = PBXBuildFile; fileRef = 0EB26D2820EEB301003AD1DE /* TestObject.swift */; };
		0EB26D2B20EEB696003AD1DE /* StrategyPatternViewController.swift in Sources */ = {isa = PBXBuildFile; fileRef = 0EB26D2A20EEB696003AD1DE /* StrategyPatternViewController.swift */; };
		0EB26D2E20EEB832003AD1DE /* MainDataSource.swift in Sources */ = {isa = PBXBuildFile; fileRef = 0EB26D2D20EEB832003AD1DE /* MainDataSource.swift */; };
		0EB26D3020EEB848003AD1DE /* DesignPattern.swift in Sources */ = {isa = PBXBuildFile; fileRef = 0EB26D2F20EEB848003AD1DE /* DesignPattern.swift */; };
		0EE1CB2220EAD2AC00E51ECF /* Parser.swift in Sources */ = {isa = PBXBuildFile; fileRef = 0EE1CB2120EAD2AC00E51ECF /* Parser.swift */; };
		0EE1CB2420EAD45600E51ECF /* JSONParser.swift in Sources */ = {isa = PBXBuildFile; fileRef = 0EE1CB2320EAD45600E51ECF /* JSONParser.swift */; };
		0EE1CB2620EAD4DD00E51ECF /* Storage.swift in Sources */ = {isa = PBXBuildFile; fileRef = 0EE1CB2520EAD4DD00E51ECF /* Storage.swift */; };
		0EE1CB2820EAD51100E51ECF /* UserDefaultsStorage.swift in Sources */ = {isa = PBXBuildFile; fileRef = 0EE1CB2720EAD51100E51ECF /* UserDefaultsStorage.swift */; };
		0EEEDA4720C7399B00862E3D /* Requester.swift in Sources */ = {isa = PBXBuildFile; fileRef = 0EEEDA4620C7399B00862E3D /* Requester.swift */; };
		0EEEDA4920C73A4D00862E3D /* AlamofireRequester.swift in Sources */ = {isa = PBXBuildFile; fileRef = 0EEEDA4820C73A4D00862E3D /* AlamofireRequester.swift */; };
		0EFB907ADC6528E8CF4EBB4B /* Pods_Design_PatternsTests.framework in Frameworks */ = {isa = PBXBuildFile; fileRef = 089B0ED842C8784D46BC6ABC /* Pods_Design_PatternsTests.framework */; };
		D5CE64233260CEBB3410C9C1 /* Pods_Design_Patterns.framework in Frameworks */ = {isa = PBXBuildFile; fileRef = 27DD63D9B413F95AFC889955 /* Pods_Design_Patterns.framework */; };
/* End PBXBuildFile section */

/* Begin PBXContainerItemProxy section */
		0E03830620A8E73D00DE62B6 /* PBXContainerItemProxy */ = {
			isa = PBXContainerItemProxy;
			containerPortal = 0E0382E920A8E73900DE62B6 /* Project object */;
			proxyType = 1;
			remoteGlobalIDString = 0E0382F020A8E73900DE62B6;
			remoteInfo = "Design Patterns";
		};
/* End PBXContainerItemProxy section */

/* Begin PBXFileReference section */
		089B0ED842C8784D46BC6ABC /* Pods_Design_PatternsTests.framework */ = {isa = PBXFileReference; explicitFileType = wrapper.framework; includeInIndex = 0; path = Pods_Design_PatternsTests.framework; sourceTree = BUILT_PRODUCTS_DIR; };
		0E0382F120A8E73900DE62B6 /* Design Patterns.app */ = {isa = PBXFileReference; explicitFileType = wrapper.application; includeInIndex = 0; path = "Design Patterns.app"; sourceTree = BUILT_PRODUCTS_DIR; };
		0E0382F420A8E73900DE62B6 /* AppDelegate.swift */ = {isa = PBXFileReference; lastKnownFileType = sourcecode.swift; path = AppDelegate.swift; sourceTree = "<group>"; };
		0E0382F620A8E73900DE62B6 /* MainViewController.swift */ = {isa = PBXFileReference; lastKnownFileType = sourcecode.swift; path = MainViewController.swift; sourceTree = "<group>"; };
		0E0382F920A8E73900DE62B6 /* Base */ = {isa = PBXFileReference; lastKnownFileType = file.storyboard; name = Base; path = Base.lproj/Main.storyboard; sourceTree = "<group>"; };
		0E0382FB20A8E73C00DE62B6 /* Assets.xcassets */ = {isa = PBXFileReference; lastKnownFileType = folder.assetcatalog; path = Assets.xcassets; sourceTree = "<group>"; };
		0E0382FE20A8E73C00DE62B6 /* Base */ = {isa = PBXFileReference; lastKnownFileType = file.storyboard; name = Base; path = Base.lproj/LaunchScreen.storyboard; sourceTree = "<group>"; };
		0E03830020A8E73C00DE62B6 /* Info.plist */ = {isa = PBXFileReference; lastKnownFileType = text.plist.xml; path = Info.plist; sourceTree = "<group>"; };
		0E03830520A8E73D00DE62B6 /* Design PatternsTests.xctest */ = {isa = PBXFileReference; explicitFileType = wrapper.cfbundle; includeInIndex = 0; path = "Design PatternsTests.xctest"; sourceTree = BUILT_PRODUCTS_DIR; };
		0E03830920A8E73D00DE62B6 /* Design_PatternsTests.swift */ = {isa = PBXFileReference; lastKnownFileType = sourcecode.swift; path = Design_PatternsTests.swift; sourceTree = "<group>"; };
		0E03830B20A8E73D00DE62B6 /* Info.plist */ = {isa = PBXFileReference; lastKnownFileType = text.plist.xml; path = Info.plist; sourceTree = "<group>"; };
		0E85FECD20EFE10E002816F1 /* XMLParser.swift */ = {isa = PBXFileReference; lastKnownFileType = sourcecode.swift; path = XMLParser.swift; sourceTree = "<group>"; };
		0E85FECF20EFE657002816F1 /* Podfile */ = {isa = PBXFileReference; fileEncoding = 4; lastKnownFileType = text; path = Podfile; sourceTree = SOURCE_ROOT; };
		0EB26D2120EEAF97003AD1DE /* CoreDataStorage.swift */ = {isa = PBXFileReference; lastKnownFileType = sourcecode.swift; path = CoreDataStorage.swift; sourceTree = "<group>"; };
		0EB26D2620EEB02B003AD1DE /* StrategyPatternHandler.swift */ = {isa = PBXFileReference; lastKnownFileType = sourcecode.swift; path = StrategyPatternHandler.swift; sourceTree = "<group>"; };
		0EB26D2820EEB301003AD1DE /* TestObject.swift */ = {isa = PBXFileReference; lastKnownFileType = sourcecode.swift; path = TestObject.swift; sourceTree = "<group>"; };
		0EB26D2A20EEB696003AD1DE /* StrategyPatternViewController.swift */ = {isa = PBXFileReference; lastKnownFileType = sourcecode.swift; path = StrategyPatternViewController.swift; sourceTree = "<group>"; };
		0EB26D2D20EEB832003AD1DE /* MainDataSource.swift */ = {isa = PBXFileReference; lastKnownFileType = sourcecode.swift; path = MainDataSource.swift; sourceTree = "<group>"; };
		0EB26D2F20EEB848003AD1DE /* DesignPattern.swift */ = {isa = PBXFileReference; lastKnownFileType = sourcecode.swift; path = DesignPattern.swift; sourceTree = "<group>"; };
		0EE1CB2120EAD2AC00E51ECF /* Parser.swift */ = {isa = PBXFileReference; lastKnownFileType = sourcecode.swift; path = Parser.swift; sourceTree = "<group>"; };
		0EE1CB2320EAD45600E51ECF /* JSONParser.swift */ = {isa = PBXFileReference; lastKnownFileType = sourcecode.swift; path = JSONParser.swift; sourceTree = "<group>"; };
		0EE1CB2520EAD4DD00E51ECF /* Storage.swift */ = {isa = PBXFileReference; lastKnownFileType = sourcecode.swift; path = Storage.swift; sourceTree = "<group>"; };
		0EE1CB2720EAD51100E51ECF /* UserDefaultsStorage.swift */ = {isa = PBXFileReference; lastKnownFileType = sourcecode.swift; path = UserDefaultsStorage.swift; sourceTree = "<group>"; };
		0EEEDA4620C7399B00862E3D /* Requester.swift */ = {isa = PBXFileReference; lastKnownFileType = sourcecode.swift; path = Requester.swift; sourceTree = "<group>"; };
		0EEEDA4820C73A4D00862E3D /* AlamofireRequester.swift */ = {isa = PBXFileReference; lastKnownFileType = sourcecode.swift; path = AlamofireRequester.swift; sourceTree = "<group>"; };
		0FCFC065E0399EB4822AF683 /* Pods-Design PatternsTests.release.xcconfig */ = {isa = PBXFileReference; includeInIndex = 1; lastKnownFileType = text.xcconfig; name = "Pods-Design PatternsTests.release.xcconfig"; path = "Pods/Target Support Files/Pods-Design PatternsTests/Pods-Design PatternsTests.release.xcconfig"; sourceTree = "<group>"; };
		27DD63D9B413F95AFC889955 /* Pods_Design_Patterns.framework */ = {isa = PBXFileReference; explicitFileType = wrapper.framework; includeInIndex = 0; path = Pods_Design_Patterns.framework; sourceTree = BUILT_PRODUCTS_DIR; };
		7B1A83FC93DF385B833118C3 /* Pods-Design Patterns.debug.xcconfig */ = {isa = PBXFileReference; includeInIndex = 1; lastKnownFileType = text.xcconfig; name = "Pods-Design Patterns.debug.xcconfig"; path = "Pods/Target Support Files/Pods-Design Patterns/Pods-Design Patterns.debug.xcconfig"; sourceTree = "<group>"; };
		88D1272FC699B647B6246AF6 /* Pods-Design Patterns.release.xcconfig */ = {isa = PBXFileReference; includeInIndex = 1; lastKnownFileType = text.xcconfig; name = "Pods-Design Patterns.release.xcconfig"; path = "Pods/Target Support Files/Pods-Design Patterns/Pods-Design Patterns.release.xcconfig"; sourceTree = "<group>"; };
		EE413A10F2889673775A028E /* Pods-Design PatternsTests.debug.xcconfig */ = {isa = PBXFileReference; includeInIndex = 1; lastKnownFileType = text.xcconfig; name = "Pods-Design PatternsTests.debug.xcconfig"; path = "Pods/Target Support Files/Pods-Design PatternsTests/Pods-Design PatternsTests.debug.xcconfig"; sourceTree = "<group>"; };
/* End PBXFileReference section */

/* Begin PBXFrameworksBuildPhase section */
		0E0382EE20A8E73900DE62B6 /* Frameworks */ = {
			isa = PBXFrameworksBuildPhase;
			buildActionMask = 2147483647;
			files = (
				D5CE64233260CEBB3410C9C1 /* Pods_Design_Patterns.framework in Frameworks */,
			);
			runOnlyForDeploymentPostprocessing = 0;
		};
		0E03830220A8E73D00DE62B6 /* Frameworks */ = {
			isa = PBXFrameworksBuildPhase;
			buildActionMask = 2147483647;
			files = (
				0EFB907ADC6528E8CF4EBB4B /* Pods_Design_PatternsTests.framework in Frameworks */,
			);
			runOnlyForDeploymentPostprocessing = 0;
		};
/* End PBXFrameworksBuildPhase section */

/* Begin PBXGroup section */
		0E0382E820A8E73900DE62B6 = {
			isa = PBXGroup;
			children = (
				0E03831420A8E75100DE62B6 /* Xcode Stuff */,
				0E0382F320A8E73900DE62B6 /* Design Patterns */,
				0E03830820A8E73D00DE62B6 /* Design PatternsTests */,
				0E0382F220A8E73900DE62B6 /* Products */,
				7B5B3BDCCB2CE3F01C600F14 /* Pods */,
				CB4FB815284B2C5EA7ABE601 /* Frameworks */,
			);
			sourceTree = "<group>";
		};
		0E0382F220A8E73900DE62B6 /* Products */ = {
			isa = PBXGroup;
			children = (
				0E0382F120A8E73900DE62B6 /* Design Patterns.app */,
				0E03830520A8E73D00DE62B6 /* Design PatternsTests.xctest */,
			);
			name = Products;
			sourceTree = "<group>";
		};
		0E0382F320A8E73900DE62B6 /* Design Patterns */ = {
			isa = PBXGroup;
			children = (
				0EE9722F20BB61C0005E5B5C /* Strategy Pattern */,
			);
			path = "Design Patterns";
			sourceTree = "<group>";
		};
		0E03830820A8E73D00DE62B6 /* Design PatternsTests */ = {
			isa = PBXGroup;
			children = (
				0E03830920A8E73D00DE62B6 /* Design_PatternsTests.swift */,
				0E03830B20A8E73D00DE62B6 /* Info.plist */,
			);
			path = "Design PatternsTests";
			sourceTree = "<group>";
		};
		0E03831420A8E75100DE62B6 /* Xcode Stuff */ = {
			isa = PBXGroup;
			children = (
				0E85FECF20EFE657002816F1 /* Podfile */,
				0EB26D2C20EEB821003AD1DE /* Main Scene */,
				0E0382F420A8E73900DE62B6 /* AppDelegate.swift */,
				0E0382F820A8E73900DE62B6 /* Main.storyboard */,
				0E0382FB20A8E73C00DE62B6 /* Assets.xcassets */,
				0E0382FD20A8E73C00DE62B6 /* LaunchScreen.storyboard */,
				0E03830020A8E73C00DE62B6 /* Info.plist */,
			);
			path = "Xcode Stuff";
			sourceTree = "<group>";
		};
		0EB26D2320EEAFC5003AD1DE /* Storage */ = {
			isa = PBXGroup;
			children = (
				0EE1CB2520EAD4DD00E51ECF /* Storage.swift */,
				0EB26D2120EEAF97003AD1DE /* CoreDataStorage.swift */,
				0EE1CB2720EAD51100E51ECF /* UserDefaultsStorage.swift */,
			);
			path = Storage;
			sourceTree = "<group>";
		};
		0EB26D2420EEAFD4003AD1DE /* Parser */ = {
			isa = PBXGroup;
			children = (
				0EE1CB2120EAD2AC00E51ECF /* Parser.swift */,
				0EE1CB2320EAD45600E51ECF /* JSONParser.swift */,
				0E85FECD20EFE10E002816F1 /* XMLParser.swift */,
			);
			path = Parser;
			sourceTree = "<group>";
		};
		0EB26D2520EEAFE1003AD1DE /* Requester */ = {
			isa = PBXGroup;
			children = (
				0EEEDA4620C7399B00862E3D /* Requester.swift */,
				0EEEDA4820C73A4D00862E3D /* AlamofireRequester.swift */,
			);
			path = Requester;
			sourceTree = "<group>";
		};
		0EB26D2C20EEB821003AD1DE /* Main Scene */ = {
			isa = PBXGroup;
			children = (
				0EB26D2F20EEB848003AD1DE /* DesignPattern.swift */,
				0E0382F620A8E73900DE62B6 /* MainViewController.swift */,
				0EB26D2D20EEB832003AD1DE /* MainDataSource.swift */,
			);
			path = "Main Scene";
			sourceTree = "<group>";
		};
		0EE9722F20BB61C0005E5B5C /* Strategy Pattern */ = {
			isa = PBXGroup;
			children = (
				0EB26D2420EEAFD4003AD1DE /* Parser */,
				0EB26D2520EEAFE1003AD1DE /* Requester */,
				0EB26D2320EEAFC5003AD1DE /* Storage */,
				0EB26D2620EEB02B003AD1DE /* StrategyPatternHandler.swift */,
				0EB26D2A20EEB696003AD1DE /* StrategyPatternViewController.swift */,
				0EB26D2820EEB301003AD1DE /* TestObject.swift */,
			);
			path = "Strategy Pattern";
			sourceTree = "<group>";
		};
		7B5B3BDCCB2CE3F01C600F14 /* Pods */ = {
			isa = PBXGroup;
			children = (
				7B1A83FC93DF385B833118C3 /* Pods-Design Patterns.debug.xcconfig */,
				88D1272FC699B647B6246AF6 /* Pods-Design Patterns.release.xcconfig */,
				EE413A10F2889673775A028E /* Pods-Design PatternsTests.debug.xcconfig */,
				0FCFC065E0399EB4822AF683 /* Pods-Design PatternsTests.release.xcconfig */,
			);
			name = Pods;
			sourceTree = "<group>";
		};
		CB4FB815284B2C5EA7ABE601 /* Frameworks */ = {
			isa = PBXGroup;
			children = (
				27DD63D9B413F95AFC889955 /* Pods_Design_Patterns.framework */,
				089B0ED842C8784D46BC6ABC /* Pods_Design_PatternsTests.framework */,
			);
			name = Frameworks;
			sourceTree = "<group>";
		};
/* End PBXGroup section */

/* Begin PBXNativeTarget section */
		0E0382F020A8E73900DE62B6 /* Design Patterns */ = {
			isa = PBXNativeTarget;
			buildConfigurationList = 0E03830E20A8E73D00DE62B6 /* Build configuration list for PBXNativeTarget "Design Patterns" */;
			buildPhases = (
				8ADD4C2EAF38A62E828D6FA2 /* [CP] Check Pods Manifest.lock */,
				0E0382ED20A8E73900DE62B6 /* Sources */,
				0E0382EE20A8E73900DE62B6 /* Frameworks */,
				0E0382EF20A8E73900DE62B6 /* Resources */,
				FB6C4441CEFDF3BB56B74B95 /* [CP] Embed Pods Frameworks */,
			);
			buildRules = (
			);
			dependencies = (
			);
			name = "Design Patterns";
			productName = "Design Patterns";
			productReference = 0E0382F120A8E73900DE62B6 /* Design Patterns.app */;
			productType = "com.apple.product-type.application";
		};
		0E03830420A8E73D00DE62B6 /* Design PatternsTests */ = {
			isa = PBXNativeTarget;
			buildConfigurationList = 0E03831120A8E73D00DE62B6 /* Build configuration list for PBXNativeTarget "Design PatternsTests" */;
			buildPhases = (
				3EECBE3350CE0141E7977C6C /* [CP] Check Pods Manifest.lock */,
				0E03830120A8E73D00DE62B6 /* Sources */,
				0E03830220A8E73D00DE62B6 /* Frameworks */,
				0E03830320A8E73D00DE62B6 /* Resources */,
			);
			buildRules = (
			);
			dependencies = (
				0E03830720A8E73D00DE62B6 /* PBXTargetDependency */,
			);
			name = "Design PatternsTests";
			productName = "Design PatternsTests";
			productReference = 0E03830520A8E73D00DE62B6 /* Design PatternsTests.xctest */;
			productType = "com.apple.product-type.bundle.unit-test";
		};
/* End PBXNativeTarget section */

/* Begin PBXProject section */
		0E0382E920A8E73900DE62B6 /* Project object */ = {
			isa = PBXProject;
			attributes = {
				LastSwiftUpdateCheck = 0930;
				LastUpgradeCheck = 0930;
				ORGANIZATIONNAME = Yanniki;
				TargetAttributes = {
					0E0382F020A8E73900DE62B6 = {
						CreatedOnToolsVersion = 9.3;
					};
					0E03830420A8E73D00DE62B6 = {
						CreatedOnToolsVersion = 9.3;
						TestTargetID = 0E0382F020A8E73900DE62B6;
					};
				};
			};
			buildConfigurationList = 0E0382EC20A8E73900DE62B6 /* Build configuration list for PBXProject "Design Patterns" */;
			compatibilityVersion = "Xcode 9.3";
			developmentRegion = en;
			hasScannedForEncodings = 0;
			knownRegions = (
				en,
				Base,
			);
			mainGroup = 0E0382E820A8E73900DE62B6;
			productRefGroup = 0E0382F220A8E73900DE62B6 /* Products */;
			projectDirPath = "";
			projectRoot = "";
			targets = (
				0E0382F020A8E73900DE62B6 /* Design Patterns */,
				0E03830420A8E73D00DE62B6 /* Design PatternsTests */,
			);
		};
/* End PBXProject section */

/* Begin PBXResourcesBuildPhase section */
		0E0382EF20A8E73900DE62B6 /* Resources */ = {
			isa = PBXResourcesBuildPhase;
			buildActionMask = 2147483647;
			files = (
				0E0382FF20A8E73C00DE62B6 /* LaunchScreen.storyboard in Resources */,
				0E0382FC20A8E73C00DE62B6 /* Assets.xcassets in Resources */,
				0E0382FA20A8E73900DE62B6 /* Main.storyboard in Resources */,
			);
			runOnlyForDeploymentPostprocessing = 0;
		};
		0E03830320A8E73D00DE62B6 /* Resources */ = {
			isa = PBXResourcesBuildPhase;
			buildActionMask = 2147483647;
			files = (
			);
			runOnlyForDeploymentPostprocessing = 0;
		};
/* End PBXResourcesBuildPhase section */

/* Begin PBXShellScriptBuildPhase section */
		3EECBE3350CE0141E7977C6C /* [CP] Check Pods Manifest.lock */ = {
			isa = PBXShellScriptBuildPhase;
			buildActionMask = 2147483647;
			files = (
			);
			inputPaths = (
				"${PODS_PODFILE_DIR_PATH}/Podfile.lock",
				"${PODS_ROOT}/Manifest.lock",
			);
			name = "[CP] Check Pods Manifest.lock";
			outputPaths = (
				"$(DERIVED_FILE_DIR)/Pods-Design PatternsTests-checkManifestLockResult.txt",
			);
			runOnlyForDeploymentPostprocessing = 0;
			shellPath = /bin/sh;
			shellScript = "diff \"${PODS_PODFILE_DIR_PATH}/Podfile.lock\" \"${PODS_ROOT}/Manifest.lock\" > /dev/null\nif [ $? != 0 ] ; then\n    # print error to STDERR\n    echo \"error: The sandbox is not in sync with the Podfile.lock. Run 'pod install' or update your CocoaPods installation.\" >&2\n    exit 1\nfi\n# This output is used by Xcode 'outputs' to avoid re-running this script phase.\necho \"SUCCESS\" > \"${SCRIPT_OUTPUT_FILE_0}\"\n";
			showEnvVarsInLog = 0;
		};
		8ADD4C2EAF38A62E828D6FA2 /* [CP] Check Pods Manifest.lock */ = {
			isa = PBXShellScriptBuildPhase;
			buildActionMask = 2147483647;
			files = (
			);
			inputPaths = (
				"${PODS_PODFILE_DIR_PATH}/Podfile.lock",
				"${PODS_ROOT}/Manifest.lock",
			);
			name = "[CP] Check Pods Manifest.lock";
			outputPaths = (
				"$(DERIVED_FILE_DIR)/Pods-Design Patterns-checkManifestLockResult.txt",
			);
			runOnlyForDeploymentPostprocessing = 0;
			shellPath = /bin/sh;
			shellScript = "diff \"${PODS_PODFILE_DIR_PATH}/Podfile.lock\" \"${PODS_ROOT}/Manifest.lock\" > /dev/null\nif [ $? != 0 ] ; then\n    # print error to STDERR\n    echo \"error: The sandbox is not in sync with the Podfile.lock. Run 'pod install' or update your CocoaPods installation.\" >&2\n    exit 1\nfi\n# This output is used by Xcode 'outputs' to avoid re-running this script phase.\necho \"SUCCESS\" > \"${SCRIPT_OUTPUT_FILE_0}\"\n";
			showEnvVarsInLog = 0;
		};
		FB6C4441CEFDF3BB56B74B95 /* [CP] Embed Pods Frameworks */ = {
			isa = PBXShellScriptBuildPhase;
			buildActionMask = 2147483647;
			files = (
			);
			inputPaths = (
				"${SRCROOT}/Pods/Target Support Files/Pods-Design Patterns/Pods-Design Patterns-frameworks.sh",
				"${BUILT_PRODUCTS_DIR}/Alamofire/Alamofire.framework",
				"${BUILT_PRODUCTS_DIR}/EasyXMLParser/EasyXMLParser.framework",
			);
			name = "[CP] Embed Pods Frameworks";
			outputPaths = (
				"${TARGET_BUILD_DIR}/${FRAMEWORKS_FOLDER_PATH}/Alamofire.framework",
				"${TARGET_BUILD_DIR}/${FRAMEWORKS_FOLDER_PATH}/EasyXMLParser.framework",
			);
			runOnlyForDeploymentPostprocessing = 0;
			shellPath = /bin/sh;
			shellScript = "\"${SRCROOT}/Pods/Target Support Files/Pods-Design Patterns/Pods-Design Patterns-frameworks.sh\"\n";
			showEnvVarsInLog = 0;
		};
/* End PBXShellScriptBuildPhase section */

/* Begin PBXSourcesBuildPhase section */
		0E0382ED20A8E73900DE62B6 /* Sources */ = {
			isa = PBXSourcesBuildPhase;
			buildActionMask = 2147483647;
			files = (
				0EB26D2E20EEB832003AD1DE /* MainDataSource.swift in Sources */,
				0EB26D2720EEB02B003AD1DE /* StrategyPatternHandler.swift in Sources */,
				0EE1CB2820EAD51100E51ECF /* UserDefaultsStorage.swift in Sources */,
				0EE1CB2220EAD2AC00E51ECF /* Parser.swift in Sources */,
				0EE1CB2620EAD4DD00E51ECF /* Storage.swift in Sources */,
				0EB26D2220EEAF97003AD1DE /* CoreDataStorage.swift in Sources */,
				0EB26D2920EEB301003AD1DE /* TestObject.swift in Sources */,
				0E0382F720A8E73900DE62B6 /* MainViewController.swift in Sources */,
				0EB26D3020EEB848003AD1DE /* DesignPattern.swift in Sources */,
				0EE1CB2420EAD45600E51ECF /* JSONParser.swift in Sources */,
				0E0382F520A8E73900DE62B6 /* AppDelegate.swift in Sources */,
				0EEEDA4720C7399B00862E3D /* Requester.swift in Sources */,
				0EB26D2B20EEB696003AD1DE /* StrategyPatternViewController.swift in Sources */,
				0EEEDA4920C73A4D00862E3D /* AlamofireRequester.swift in Sources */,
				0E85FECE20EFE10E002816F1 /* XMLParser.swift in Sources */,
			);
			runOnlyForDeploymentPostprocessing = 0;
		};
		0E03830120A8E73D00DE62B6 /* Sources */ = {
			isa = PBXSourcesBuildPhase;
			buildActionMask = 2147483647;
			files = (
				0E03830A20A8E73D00DE62B6 /* Design_PatternsTests.swift in Sources */,
			);
			runOnlyForDeploymentPostprocessing = 0;
		};
/* End PBXSourcesBuildPhase section */

/* Begin PBXTargetDependency section */
		0E03830720A8E73D00DE62B6 /* PBXTargetDependency */ = {
			isa = PBXTargetDependency;
			target = 0E0382F020A8E73900DE62B6 /* Design Patterns */;
			targetProxy = 0E03830620A8E73D00DE62B6 /* PBXContainerItemProxy */;
		};
/* End PBXTargetDependency section */

/* Begin PBXVariantGroup section */
		0E0382F820A8E73900DE62B6 /* Main.storyboard */ = {
			isa = PBXVariantGroup;
			children = (
				0E0382F920A8E73900DE62B6 /* Base */,
			);
			name = Main.storyboard;
			sourceTree = "<group>";
		};
		0E0382FD20A8E73C00DE62B6 /* LaunchScreen.storyboard */ = {
			isa = PBXVariantGroup;
			children = (
				0E0382FE20A8E73C00DE62B6 /* Base */,
			);
			name = LaunchScreen.storyboard;
			sourceTree = "<group>";
		};
/* End PBXVariantGroup section */

/* Begin XCBuildConfiguration section */
		0E03830C20A8E73D00DE62B6 /* Debug */ = {
			isa = XCBuildConfiguration;
			buildSettings = {
				ALWAYS_SEARCH_USER_PATHS = NO;
				CLANG_ANALYZER_NONNULL = YES;
				CLANG_ANALYZER_NUMBER_OBJECT_CONVERSION = YES_AGGRESSIVE;
				CLANG_CXX_LANGUAGE_STANDARD = "gnu++14";
				CLANG_CXX_LIBRARY = "libc++";
				CLANG_ENABLE_MODULES = YES;
				CLANG_ENABLE_OBJC_ARC = YES;
				CLANG_ENABLE_OBJC_WEAK = YES;
				CLANG_WARN_BLOCK_CAPTURE_AUTORELEASING = YES;
				CLANG_WARN_BOOL_CONVERSION = YES;
				CLANG_WARN_COMMA = YES;
				CLANG_WARN_CONSTANT_CONVERSION = YES;
				CLANG_WARN_DEPRECATED_OBJC_IMPLEMENTATIONS = YES;
				CLANG_WARN_DIRECT_OBJC_ISA_USAGE = YES_ERROR;
				CLANG_WARN_DOCUMENTATION_COMMENTS = YES;
				CLANG_WARN_EMPTY_BODY = YES;
				CLANG_WARN_ENUM_CONVERSION = YES;
				CLANG_WARN_INFINITE_RECURSION = YES;
				CLANG_WARN_INT_CONVERSION = YES;
				CLANG_WARN_NON_LITERAL_NULL_CONVERSION = YES;
				CLANG_WARN_OBJC_IMPLICIT_RETAIN_SELF = YES;
				CLANG_WARN_OBJC_LITERAL_CONVERSION = YES;
				CLANG_WARN_OBJC_ROOT_CLASS = YES_ERROR;
				CLANG_WARN_RANGE_LOOP_ANALYSIS = YES;
				CLANG_WARN_STRICT_PROTOTYPES = YES;
				CLANG_WARN_SUSPICIOUS_MOVE = YES;
				CLANG_WARN_UNGUARDED_AVAILABILITY = YES_AGGRESSIVE;
				CLANG_WARN_UNREACHABLE_CODE = YES;
				CLANG_WARN__DUPLICATE_METHOD_MATCH = YES;
				CODE_SIGN_IDENTITY = "iPhone Developer";
				COPY_PHASE_STRIP = NO;
				DEBUG_INFORMATION_FORMAT = dwarf;
				ENABLE_STRICT_OBJC_MSGSEND = YES;
				ENABLE_TESTABILITY = YES;
				GCC_C_LANGUAGE_STANDARD = gnu11;
				GCC_DYNAMIC_NO_PIC = NO;
				GCC_NO_COMMON_BLOCKS = YES;
				GCC_OPTIMIZATION_LEVEL = 0;
				GCC_PREPROCESSOR_DEFINITIONS = (
					"DEBUG=1",
					"$(inherited)",
				);
				GCC_WARN_64_TO_32_BIT_CONVERSION = YES;
				GCC_WARN_ABOUT_RETURN_TYPE = YES_ERROR;
				GCC_WARN_UNDECLARED_SELECTOR = YES;
				GCC_WARN_UNINITIALIZED_AUTOS = YES_AGGRESSIVE;
				GCC_WARN_UNUSED_FUNCTION = YES;
				GCC_WARN_UNUSED_VARIABLE = YES;
				IPHONEOS_DEPLOYMENT_TARGET = 11.3;
				MTL_ENABLE_DEBUG_INFO = YES;
				ONLY_ACTIVE_ARCH = YES;
				SDKROOT = iphoneos;
				SWIFT_ACTIVE_COMPILATION_CONDITIONS = DEBUG;
				SWIFT_OPTIMIZATION_LEVEL = "-Onone";
			};
			name = Debug;
		};
		0E03830D20A8E73D00DE62B6 /* Release */ = {
			isa = XCBuildConfiguration;
			buildSettings = {
				ALWAYS_SEARCH_USER_PATHS = NO;
				CLANG_ANALYZER_NONNULL = YES;
				CLANG_ANALYZER_NUMBER_OBJECT_CONVERSION = YES_AGGRESSIVE;
				CLANG_CXX_LANGUAGE_STANDARD = "gnu++14";
				CLANG_CXX_LIBRARY = "libc++";
				CLANG_ENABLE_MODULES = YES;
				CLANG_ENABLE_OBJC_ARC = YES;
				CLANG_ENABLE_OBJC_WEAK = YES;
				CLANG_WARN_BLOCK_CAPTURE_AUTORELEASING = YES;
				CLANG_WARN_BOOL_CONVERSION = YES;
				CLANG_WARN_COMMA = YES;
				CLANG_WARN_CONSTANT_CONVERSION = YES;
				CLANG_WARN_DEPRECATED_OBJC_IMPLEMENTATIONS = YES;
				CLANG_WARN_DIRECT_OBJC_ISA_USAGE = YES_ERROR;
				CLANG_WARN_DOCUMENTATION_COMMENTS = YES;
				CLANG_WARN_EMPTY_BODY = YES;
				CLANG_WARN_ENUM_CONVERSION = YES;
				CLANG_WARN_INFINITE_RECURSION = YES;
				CLANG_WARN_INT_CONVERSION = YES;
				CLANG_WARN_NON_LITERAL_NULL_CONVERSION = YES;
				CLANG_WARN_OBJC_IMPLICIT_RETAIN_SELF = YES;
				CLANG_WARN_OBJC_LITERAL_CONVERSION = YES;
				CLANG_WARN_OBJC_ROOT_CLASS = YES_ERROR;
				CLANG_WARN_RANGE_LOOP_ANALYSIS = YES;
				CLANG_WARN_STRICT_PROTOTYPES = YES;
				CLANG_WARN_SUSPICIOUS_MOVE = YES;
				CLANG_WARN_UNGUARDED_AVAILABILITY = YES_AGGRESSIVE;
				CLANG_WARN_UNREACHABLE_CODE = YES;
				CLANG_WARN__DUPLICATE_METHOD_MATCH = YES;
				CODE_SIGN_IDENTITY = "iPhone Developer";
				COPY_PHASE_STRIP = NO;
				DEBUG_INFORMATION_FORMAT = "dwarf-with-dsym";
				ENABLE_NS_ASSERTIONS = NO;
				ENABLE_STRICT_OBJC_MSGSEND = YES;
				GCC_C_LANGUAGE_STANDARD = gnu11;
				GCC_NO_COMMON_BLOCKS = YES;
				GCC_WARN_64_TO_32_BIT_CONVERSION = YES;
				GCC_WARN_ABOUT_RETURN_TYPE = YES_ERROR;
				GCC_WARN_UNDECLARED_SELECTOR = YES;
				GCC_WARN_UNINITIALIZED_AUTOS = YES_AGGRESSIVE;
				GCC_WARN_UNUSED_FUNCTION = YES;
				GCC_WARN_UNUSED_VARIABLE = YES;
				IPHONEOS_DEPLOYMENT_TARGET = 11.3;
				MTL_ENABLE_DEBUG_INFO = NO;
				SDKROOT = iphoneos;
				SWIFT_COMPILATION_MODE = wholemodule;
				SWIFT_OPTIMIZATION_LEVEL = "-O";
				VALIDATE_PRODUCT = YES;
			};
			name = Release;
		};
		0E03830F20A8E73D00DE62B6 /* Debug */ = {
			isa = XCBuildConfiguration;
			baseConfigurationReference = 7B1A83FC93DF385B833118C3 /* Pods-Design Patterns.debug.xcconfig */;
			buildSettings = {
				ASSETCATALOG_COMPILER_APPICON_NAME = AppIcon;
				CODE_SIGN_STYLE = Automatic;
				DEVELOPMENT_TEAM = 9CF5Y5SBGU;
				INFOPLIST_FILE = "$(SRCROOT)/Xcode Stuff/Info.plist";
				LD_RUNPATH_SEARCH_PATHS = (
					"$(inherited)",
					"@executable_path/Frameworks",
				);
				PRODUCT_BUNDLE_IDENTIFIER = "com.yanniki.Design-Patterns";
				PRODUCT_NAME = "$(TARGET_NAME)";
				SWIFT_VERSION = 4.0;
				TARGETED_DEVICE_FAMILY = "1,2";
			};
			name = Debug;
		};
		0E03831020A8E73D00DE62B6 /* Release */ = {
			isa = XCBuildConfiguration;
			baseConfigurationReference = 88D1272FC699B647B6246AF6 /* Pods-Design Patterns.release.xcconfig */;
			buildSettings = {
				ASSETCATALOG_COMPILER_APPICON_NAME = AppIcon;
				CODE_SIGN_STYLE = Automatic;
				DEVELOPMENT_TEAM = 9CF5Y5SBGU;
				INFOPLIST_FILE = "$(SRCROOT)/Xcode Stuff/Info.plist";
				LD_RUNPATH_SEARCH_PATHS = (
					"$(inherited)",
					"@executable_path/Frameworks",
				);
				PRODUCT_BUNDLE_IDENTIFIER = "com.yanniki.Design-Patterns";
				PRODUCT_NAME = "$(TARGET_NAME)";
				SWIFT_VERSION = 4.0;
				TARGETED_DEVICE_FAMILY = "1,2";
			};
			name = Release;
		};
		0E03831220A8E73D00DE62B6 /* Debug */ = {
			isa = XCBuildConfiguration;
			baseConfigurationReference = EE413A10F2889673775A028E /* Pods-Design PatternsTests.debug.xcconfig */;
			buildSettings = {
				ALWAYS_EMBED_SWIFT_STANDARD_LIBRARIES = YES;
				BUNDLE_LOADER = "$(TEST_HOST)";
				CODE_SIGN_STYLE = Automatic;
				DEVELOPMENT_TEAM = 9CF5Y5SBGU;
				INFOPLIST_FILE = "Design PatternsTests/Info.plist";
				LD_RUNPATH_SEARCH_PATHS = (
					"$(inherited)",
					"@executable_path/Frameworks",
					"@loader_path/Frameworks",
				);
				PRODUCT_BUNDLE_IDENTIFIER = "com.yanniki.Design-PatternsTests";
				PRODUCT_NAME = "$(TARGET_NAME)";
				SWIFT_VERSION = 4.0;
				TARGETED_DEVICE_FAMILY = "1,2";
				TEST_HOST = "$(BUILT_PRODUCTS_DIR)/Design Patterns.app/Design Patterns";
			};
			name = Debug;
		};
		0E03831320A8E73D00DE62B6 /* Release */ = {
			isa = XCBuildConfiguration;
			baseConfigurationReference = 0FCFC065E0399EB4822AF683 /* Pods-Design PatternsTests.release.xcconfig */;
			buildSettings = {
				ALWAYS_EMBED_SWIFT_STANDARD_LIBRARIES = YES;
				BUNDLE_LOADER = "$(TEST_HOST)";
				CODE_SIGN_STYLE = Automatic;
				DEVELOPMENT_TEAM = 9CF5Y5SBGU;
				INFOPLIST_FILE = "Design PatternsTests/Info.plist";
				LD_RUNPATH_SEARCH_PATHS = (
					"$(inherited)",
					"@executable_path/Frameworks",
					"@loader_path/Frameworks",
				);
				PRODUCT_BUNDLE_IDENTIFIER = "com.yanniki.Design-PatternsTests";
				PRODUCT_NAME = "$(TARGET_NAME)";
				SWIFT_VERSION = 4.0;
				TARGETED_DEVICE_FAMILY = "1,2";
				TEST_HOST = "$(BUILT_PRODUCTS_DIR)/Design Patterns.app/Design Patterns";
			};
			name = Release;
		};
/* End XCBuildConfiguration section */

/* Begin XCConfigurationList section */
		0E0382EC20A8E73900DE62B6 /* Build configuration list for PBXProject "Design Patterns" */ = {
			isa = XCConfigurationList;
			buildConfigurations = (
				0E03830C20A8E73D00DE62B6 /* Debug */,
				0E03830D20A8E73D00DE62B6 /* Release */,
			);
			defaultConfigurationIsVisible = 0;
			defaultConfigurationName = Release;
		};
		0E03830E20A8E73D00DE62B6 /* Build configuration list for PBXNativeTarget "Design Patterns" */ = {
			isa = XCConfigurationList;
			buildConfigurations = (
				0E03830F20A8E73D00DE62B6 /* Debug */,
				0E03831020A8E73D00DE62B6 /* Release */,
			);
			defaultConfigurationIsVisible = 0;
			defaultConfigurationName = Release;
		};
		0E03831120A8E73D00DE62B6 /* Build configuration list for PBXNativeTarget "Design PatternsTests" */ = {
			isa = XCConfigurationList;
			buildConfigurations = (
				0E03831220A8E73D00DE62B6 /* Debug */,
				0E03831320A8E73D00DE62B6 /* Release */,
			);
			defaultConfigurationIsVisible = 0;
			defaultConfigurationName = Release;
		};
/* End XCConfigurationList section */
	};
	rootObject = 0E0382E920A8E73900DE62B6 /* Project object */;
}
