PODS:
  - Alamofire (4.7.2)
  - YanniWorks (0.1.6)

DEPENDENCIES:
  - Alamofire
  - YanniWorks

SPEC REPOS:
  https://github.com/CocoaPods/Specs.git:
    - Alamofire
    - YanniWorks

SPEC CHECKSUMS:
  Alamofire: e4fa87002c137ba2d8d634d2c51fabcda0d5c223
  YanniWorks: 6337f9f16881b319636d887e10e3a99274d6ab00

PODFILE CHECKSUM: 786e954faa436e01b6ee0fffc7300d1b31f5886d

COCOAPODS: 1.5.0
